
Microsoft Visual Studio Solution File, Format Version 12.00
# Visual Studio 2013
VisualStudioVersion = 12.0.31101.0
MinimumVisualStudioVersion = 10.0.40219.1
Project("{FAE04EC0-301F-11D3-BF4B-00C04F79EFBC}") = "Garage", "Garage.csproj", "{76BAAB90-4BBF-11E5-8662-35F8835D456B}"
EndProject
Global
	GlobalSection(SolutionConfigurationPlatforms) = preSolution
		Dev|Any CPU = Dev|Any CPU
		Release|Any CPU = Release|Any CPU
	EndGlobalSection
	GlobalSection(ProjectConfigurationPlatforms) = postSolution
		{76BAAB90-4BBF-11E5-8662-35F8835D456B}.Dev|Any CPU.ActiveCfg = Dev|Any CPU
		{76BAAB90-4BBF-11E5-8662-35F8835D456B}.Dev|Any CPU.Build.0 = Dev|Any CPU
		{76BAAB90-4BBF-11E5-8662-35F8835D456B}.Release|Any CPU.ActiveCfg = Release|Any CPU
		{76BAAB90-4BBF-11E5-8662-35F8835D456B}.Release|Any CPU.Build.0 = Release|Any CPU
	EndGlobalSection
	GlobalSection(SolutionProperties) = preSolution
		HideSolutionNode = FALSE
	EndGlobalSection
EndGlobal
